// !$*UTF8*$!
{
	archiveVersion = 1;
	classes = {
	};
	objectVersion = 77;
	objects = {

/* Begin PBXBuildFile section */
		F607720C2D63997B0082ABBA /* FirebaseMLModelDownloader in Frameworks */ = {isa = PBXBuildFile; productRef = F607720B2D63997B0082ABBA /* FirebaseMLModelDownloader */; };
		F619F46D2D5CE91B00BE07A4 /* Cloudinary in Frameworks */ = {isa = PBXBuildFile; productRef = F619F46C2D5CE91B00BE07A4 /* Cloudinary */; };
		F619F4702D5CF1FE00BE07A4 /* SDWebImage in Frameworks */ = {isa = PBXBuildFile; productRef = F619F46F2D5CF1FE00BE07A4 /* SDWebImage */; };
		F619F4722D5CF1FE00BE07A4 /* SDWebImageMapKit in Frameworks */ = {isa = PBXBuildFile; productRef = F619F4712D5CF1FE00BE07A4 /* SDWebImageMapKit */; };
		F62F7D822D5A597700799E13 /* FirebaseCore in Frameworks */ = {isa = PBXBuildFile; productRef = F62F7D812D5A597700799E13 /* FirebaseCore */; };
		F62F7D842D5A597700799E13 /* FirebaseFirestore in Frameworks */ = {isa = PBXBuildFile; productRef = F62F7D832D5A597700799E13 /* FirebaseFirestore */; };
		F63CB9A32D5A953D0080EE49 /* FirebaseStorage in Frameworks */ = {isa = PBXBuildFile; productRef = F63CB9A22D5A953D0080EE49 /* FirebaseStorage */; };
		F63CB9A52D5A953D0080EE49 /* FirebaseStorageCombine-Community in Frameworks */ = {isa = PBXBuildFile; productRef = F63CB9A42D5A953D0080EE49 /* FirebaseStorageCombine-Community */; };
		F65324842D5405AC0057BADB /* FirebaseAuth in Frameworks */ = {isa = PBXBuildFile; productRef = F65324832D5405AC0057BADB /* FirebaseAuth */; };
		F6DD0FF72D53EAFA00C4D977 /* FirebaseAnalytics in Frameworks */ = {isa = PBXBuildFile; productRef = F6DD0FF62D53EAFA00C4D977 /* FirebaseAnalytics */; };
/* End PBXBuildFile section */

/* Begin PBXFileReference section */
		F685CD7C2D36B8030023990C /* Pop Finder.app */ = {isa = PBXFileReference; explicitFileType = wrapper.application; includeInIndex = 0; path = "Pop Finder.app"; sourceTree = BUILT_PRODUCTS_DIR; };
/* End PBXFileReference section */

/* Begin PBXFileSystemSynchronizedBuildFileExceptionSet section */
		F685CD8E2D36B8040023990C /* Exceptions for "Pop Finder" folder in "Pop Finder" target */ = {
			isa = PBXFileSystemSynchronizedBuildFileExceptionSet;
			membershipExceptions = (
				Info.plist,
			);
			target = F685CD7B2D36B8030023990C /* Pop Finder */;
		};
/* End PBXFileSystemSynchronizedBuildFileExceptionSet section */

/* Begin PBXFileSystemSynchronizedRootGroup section */
		F685CD7E2D36B8030023990C /* Pop Finder */ = {
			isa = PBXFileSystemSynchronizedRootGroup;
			exceptions = (
				F685CD8E2D36B8040023990C /* Exceptions for "Pop Finder" folder in "Pop Finder" target */,
			);
			path = "Pop Finder";
			sourceTree = "<group>";
		};
/* End PBXFileSystemSynchronizedRootGroup section */

/* Begin PBXFrameworksBuildPhase section */
		F685CD792D36B8030023990C /* Frameworks */ = {
			isa = PBXFrameworksBuildPhase;
			buildActionMask = 2147483647;
			files = (
				F619F46D2D5CE91B00BE07A4 /* Cloudinary in Frameworks */,
				F619F4722D5CF1FE00BE07A4 /* SDWebImageMapKit in Frameworks */,
				F65324842D5405AC0057BADB /* FirebaseAuth in Frameworks */,
				F619F4702D5CF1FE00BE07A4 /* SDWebImage in Frameworks */,
				F62F7D842D5A597700799E13 /* FirebaseFirestore in Frameworks */,
				F62F7D822D5A597700799E13 /* FirebaseCore in Frameworks */,
				F63CB9A32D5A953D0080EE49 /* FirebaseStorage in Frameworks */,
				F607720C2D63997B0082ABBA /* FirebaseMLModelDownloader in Frameworks */,
				F63CB9A52D5A953D0080EE49 /* FirebaseStorageCombine-Community in Frameworks */,
				F6DD0FF72D53EAFA00C4D977 /* FirebaseAnalytics in Frameworks */,
			);
			runOnlyForDeploymentPostprocessing = 0;
		};
/* End PBXFrameworksBuildPhase section */

/* Begin PBXGroup section */
		F65324822D5405AC0057BADB /* Frameworks */ = {
			isa = PBXGroup;
			children = (
			);
			name = Frameworks;
			sourceTree = "<group>";
		};
		F685CD732D36B8030023990C = {
			isa = PBXGroup;
			children = (
				F685CD7E2D36B8030023990C /* Pop Finder */,
				F65324822D5405AC0057BADB /* Frameworks */,
				F685CD7D2D36B8030023990C /* Products */,
			);
			sourceTree = "<group>";
		};
		F685CD7D2D36B8030023990C /* Products */ = {
			isa = PBXGroup;
			children = (
				F685CD7C2D36B8030023990C /* Pop Finder.app */,
			);
			name = Products;
			sourceTree = "<group>";
		};
/* End PBXGroup section */

/* Begin PBXNativeTarget section */
		F685CD7B2D36B8030023990C /* Pop Finder */ = {
			isa = PBXNativeTarget;
			buildConfigurationList = F685CD8F2D36B8040023990C /* Build configuration list for PBXNativeTarget "Pop Finder" */;
			buildPhases = (
				F685CD782D36B8030023990C /* Sources */,
				F685CD792D36B8030023990C /* Frameworks */,
				F685CD7A2D36B8030023990C /* Resources */,
			);
			buildRules = (
			);
			dependencies = (
			);
			fileSystemSynchronizedGroups = (
				F685CD7E2D36B8030023990C /* Pop Finder */,
			);
			name = "Pop Finder";
			packageProductDependencies = (
				F6DD0FF62D53EAFA00C4D977 /* FirebaseAnalytics */,
				F65324832D5405AC0057BADB /* FirebaseAuth */,
				F62F7D812D5A597700799E13 /* FirebaseCore */,
				F62F7D832D5A597700799E13 /* FirebaseFirestore */,
				F63CB9A22D5A953D0080EE49 /* FirebaseStorage */,
				F63CB9A42D5A953D0080EE49 /* FirebaseStorageCombine-Community */,
				F619F46C2D5CE91B00BE07A4 /* Cloudinary */,
				F619F46F2D5CF1FE00BE07A4 /* SDWebImage */,
				F619F4712D5CF1FE00BE07A4 /* SDWebImageMapKit */,
				F607720B2D63997B0082ABBA /* FirebaseMLModelDownloader */,
			);
			productName = "Pop Finder";
			productReference = F685CD7C2D36B8030023990C /* Pop Finder.app */;
			productType = "com.apple.product-type.application";
		};
/* End PBXNativeTarget section */

/* Begin PBXProject section */
		F685CD742D36B8030023990C /* Project object */ = {
			isa = PBXProject;
			attributes = {
				BuildIndependentTargetsInParallel = 1;
				LastSwiftUpdateCheck = 1610;
				LastUpgradeCheck = 1610;
				TargetAttributes = {
					F685CD7B2D36B8030023990C = {
						CreatedOnToolsVersion = 16.1;
					};
				};
			};
			buildConfigurationList = F685CD772D36B8030023990C /* Build configuration list for PBXProject "Pop Finder" */;
			developmentRegion = en;
			hasScannedForEncodings = 0;
			knownRegions = (
				en,
				Base,
			);
			mainGroup = F685CD732D36B8030023990C;
			minimizedProjectReferenceProxies = 1;
			packageReferences = (
				F6DD0FF52D53EAFA00C4D977 /* XCRemoteSwiftPackageReference "firebase-ios-sdk" */,
				F619F46B2D5CE91B00BE07A4 /* XCRemoteSwiftPackageReference "cloudinary_ios" */,
				F619F46E2D5CF1FE00BE07A4 /* XCRemoteSwiftPackageReference "SDWebImage" */,
			);
			preferredProjectObjectVersion = 77;
			productRefGroup = F685CD7D2D36B8030023990C /* Products */;
			projectDirPath = "";
			projectRoot = "";
			targets = (
				F685CD7B2D36B8030023990C /* Pop Finder */,
			);
		};
/* End PBXProject section */

/* Begin PBXResourcesBuildPhase section */
		F685CD7A2D36B8030023990C /* Resources */ = {
			isa = PBXResourcesBuildPhase;
			buildActionMask = 2147483647;
			files = (
			);
			runOnlyForDeploymentPostprocessing = 0;
		};
/* End PBXResourcesBuildPhase section */

/* Begin PBXSourcesBuildPhase section */
		F685CD782D36B8030023990C /* Sources */ = {
			isa = PBXSourcesBuildPhase;
			buildActionMask = 2147483647;
			files = (
			);
			runOnlyForDeploymentPostprocessing = 0;
		};
/* End PBXSourcesBuildPhase section */

/* Begin XCBuildConfiguration section */
		F685CD902D36B8040023990C /* Debug */ = {
			isa = XCBuildConfiguration;
			buildSettings = {
				ASSETCATALOG_COMPILER_APPICON_NAME = AppIcon;
				ASSETCATALOG_COMPILER_GLOBAL_ACCENT_COLOR_NAME = AccentColor;
				CODE_SIGN_STYLE = Automatic;
				CURRENT_PROJECT_VERSION = 1;
				DEVELOPMENT_TEAM = 2GF37N3UJ4;
				GENERATE_INFOPLIST_FILE = YES;
				INFOPLIST_FILE = "Pop Finder/Info.plist";
				INFOPLIST_KEY_UIApplicationSupportsIndirectInputEvents = YES;
				INFOPLIST_KEY_UILaunchStoryboardName = LaunchScreen;
				INFOPLIST_KEY_UIMainStoryboardFile = Main;
				INFOPLIST_KEY_UISupportedInterfaceOrientations_iPad = "UIInterfaceOrientationPortrait UIInterfaceOrientationPortraitUpsideDown UIInterfaceOrientationLandscapeLeft UIInterfaceOrientationLandscapeRight";
				INFOPLIST_KEY_UISupportedInterfaceOrientations_iPhone = "UIInterfaceOrientationPortrait UIInterfaceOrientationLandscapeLeft UIInterfaceOrientationLandscapeRight";
				LD_RUNPATH_SEARCH_PATHS = (
					"$(inherited)",
					"@executable_path/Frameworks",
				);
				MARKETING_VERSION = 1.0;
				PRODUCT_BUNDLE_IDENTIFIER = "com.shaig.Pop-Finder";
				PRODUCT_NAME = "$(TARGET_NAME)";
				SUPPORTED_PLATFORMS = "iphoneos iphonesimulator";
				SUPPORTS_MACCATALYST = NO;
				SUPPORTS_MAC_DESIGNED_FOR_IPHONE_IPAD = NO;
				SUPPORTS_XR_DESIGNED_FOR_IPHONE_IPAD = NO;
				SWIFT_EMIT_LOC_STRINGS = YES;
				SWIFT_VERSION = 5.0;
				TARGETED_DEVICE_FAMILY = 1;
			};
			name = Debug;
		};
		F685CD912D36B8040023990C /* Release */ = {
			isa = XCBuildConfiguration;
			buildSettings = {
				ASSETCATALOG_COMPILER_APPICON_NAME = AppIcon;
				ASSETCATALOG_COMPILER_GLOBAL_ACCENT_COLOR_NAME = AccentColor;
				CODE_SIGN_STYLE = Automatic;
				CURRENT_PROJECT_VERSION = 1;
				DEVELOPMENT_TEAM = 2GF37N3UJ4;
				GENERATE_INFOPLIST_FILE = YES;
				INFOPLIST_FILE = "Pop Finder/Info.plist";
				INFOPLIST_KEY_UIApplicationSupportsIndirectInputEvents = YES;
				INFOPLIST_KEY_UILaunchStoryboardName = LaunchScreen;
				INFOPLIST_KEY_UIMainStoryboardFile = Main;
				INFOPLIST_KEY_UISupportedInterfaceOrientations_iPad = "UIInterfaceOrientationPortrait UIInterfaceOrientationPortraitUpsideDown UIInterfaceOrientationLandscapeLeft UIInterfaceOrientationLandscapeRight";
				INFOPLIST_KEY_UISupportedInterfaceOrientations_iPhone = "UIInterfaceOrientationPortrait UIInterfaceOrientationLandscapeLeft UIInterfaceOrientationLandscapeRight";
				LD_RUNPATH_SEARCH_PATHS = (
					"$(inherited)",
					"@executable_path/Frameworks",
				);
				MARKETING_VERSION = 1.0;
				PRODUCT_BUNDLE_IDENTIFIER = "com.shaig.Pop-Finder";
				PRODUCT_NAME = "$(TARGET_NAME)";
				SUPPORTED_PLATFORMS = "iphoneos iphonesimulator";
				SUPPORTS_MACCATALYST = NO;
				SUPPORTS_MAC_DESIGNED_FOR_IPHONE_IPAD = NO;
				SUPPORTS_XR_DESIGNED_FOR_IPHONE_IPAD = NO;
				SWIFT_EMIT_LOC_STRINGS = YES;
				SWIFT_VERSION = 5.0;
				TARGETED_DEVICE_FAMILY = 1;
			};
			name = Release;
		};
		F685CD922D36B8040023990C /* Debug */ = {
			isa = XCBuildConfiguration;
			buildSettings = {
				ALWAYS_SEARCH_USER_PATHS = NO;
				ASSETCATALOG_COMPILER_GENERATE_SWIFT_ASSET_SYMBOL_EXTENSIONS = YES;
				CLANG_ANALYZER_NONNULL = YES;
				CLANG_ANALYZER_NUMBER_OBJECT_CONVERSION = YES_AGGRESSIVE;
				CLANG_CXX_LANGUAGE_STANDARD = "gnu++20";
				CLANG_ENABLE_MODULES = YES;
				CLANG_ENABLE_OBJC_ARC = YES;
				CLANG_ENABLE_OBJC_WEAK = YES;
				CLANG_WARN_BLOCK_CAPTURE_AUTORELEASING = YES;
				CLANG_WARN_BOOL_CONVERSION = YES;
				CLANG_WARN_COMMA = YES;
				CLANG_WARN_CONSTANT_CONVERSION = YES;
				CLANG_WARN_DEPRECATED_OBJC_IMPLEMENTATIONS = YES;
				CLANG_WARN_DIRECT_OBJC_ISA_USAGE = YES_ERROR;
				CLANG_WARN_DOCUMENTATION_COMMENTS = YES;
				CLANG_WARN_EMPTY_BODY = YES;
				CLANG_WARN_ENUM_CONVERSION = YES;
				CLANG_WARN_INFINITE_RECURSION = YES;
				CLANG_WARN_INT_CONVERSION = YES;
				CLANG_WARN_NON_LITERAL_NULL_CONVERSION = YES;
				CLANG_WARN_OBJC_IMPLICIT_RETAIN_SELF = YES;
				CLANG_WARN_OBJC_LITERAL_CONVERSION = YES;
				CLANG_WARN_OBJC_ROOT_CLASS = YES_ERROR;
				CLANG_WARN_QUOTED_INCLUDE_IN_FRAMEWORK_HEADER = YES;
				CLANG_WARN_RANGE_LOOP_ANALYSIS = YES;
				CLANG_WARN_STRICT_PROTOTYPES = YES;
				CLANG_WARN_SUSPICIOUS_MOVE = YES;
				CLANG_WARN_UNGUARDED_AVAILABILITY = YES_AGGRESSIVE;
				CLANG_WARN_UNREACHABLE_CODE = YES;
				CLANG_WARN__DUPLICATE_METHOD_MATCH = YES;
				COPY_PHASE_STRIP = NO;
				DEBUG_INFORMATION_FORMAT = dwarf;
				ENABLE_STRICT_OBJC_MSGSEND = YES;
				ENABLE_TESTABILITY = YES;
				ENABLE_USER_SCRIPT_SANDBOXING = YES;
				GCC_C_LANGUAGE_STANDARD = gnu17;
				GCC_DYNAMIC_NO_PIC = NO;
				GCC_NO_COMMON_BLOCKS = YES;
				GCC_OPTIMIZATION_LEVEL = 0;
				GCC_PREPROCESSOR_DEFINITIONS = (
					"DEBUG=1",
					"$(inherited)",
				);
				GCC_WARN_64_TO_32_BIT_CONVERSION = YES;
				GCC_WARN_ABOUT_RETURN_TYPE = YES_ERROR;
				GCC_WARN_UNDECLARED_SELECTOR = YES;
				GCC_WARN_UNINITIALIZED_AUTOS = YES_AGGRESSIVE;
				GCC_WARN_UNUSED_FUNCTION = YES;
				GCC_WARN_UNUSED_VARIABLE = YES;
				IPHONEOS_DEPLOYMENT_TARGET = 18.1;
				LOCALIZATION_PREFERS_STRING_CATALOGS = YES;
				MTL_ENABLE_DEBUG_INFO = INCLUDE_SOURCE;
				MTL_FAST_MATH = YES;
				ONLY_ACTIVE_ARCH = YES;
				SDKROOT = iphoneos;
				SWIFT_ACTIVE_COMPILATION_CONDITIONS = "DEBUG $(inherited)";
				SWIFT_OPTIMIZATION_LEVEL = "-Onone";
			};
			name = Debug;
		};
		F685CD932D36B8040023990C /* Release */ = {
			isa = XCBuildConfiguration;
			buildSettings = {
				ALWAYS_SEARCH_USER_PATHS = NO;
				ASSETCATALOG_COMPILER_GENERATE_SWIFT_ASSET_SYMBOL_EXTENSIONS = YES;
				CLANG_ANALYZER_NONNULL = YES;
				CLANG_ANALYZER_NUMBER_OBJECT_CONVERSION = YES_AGGRESSIVE;
				CLANG_CXX_LANGUAGE_STANDARD = "gnu++20";
				CLANG_ENABLE_MODULES = YES;
				CLANG_ENABLE_OBJC_ARC = YES;
				CLANG_ENABLE_OBJC_WEAK = YES;
				CLANG_WARN_BLOCK_CAPTURE_AUTORELEASING = YES;
				CLANG_WARN_BOOL_CONVERSION = YES;
				CLANG_WARN_COMMA = YES;
				CLANG_WARN_CONSTANT_CONVERSION = YES;
				CLANG_WARN_DEPRECATED_OBJC_IMPLEMENTATIONS = YES;
				CLANG_WARN_DIRECT_OBJC_ISA_USAGE = YES_ERROR;
				CLANG_WARN_DOCUMENTATION_COMMENTS = YES;
				CLANG_WARN_EMPTY_BODY = YES;
				CLANG_WARN_ENUM_CONVERSION = YES;
				CLANG_WARN_INFINITE_RECURSION = YES;
				CLANG_WARN_INT_CONVERSION = YES;
				CLANG_WARN_NON_LITERAL_NULL_CONVERSION = YES;
				CLANG_WARN_OBJC_IMPLICIT_RETAIN_SELF = YES;
				CLANG_WARN_OBJC_LITERAL_CONVERSION = YES;
				CLANG_WARN_OBJC_ROOT_CLASS = YES_ERROR;
				CLANG_WARN_QUOTED_INCLUDE_IN_FRAMEWORK_HEADER = YES;
				CLANG_WARN_RANGE_LOOP_ANALYSIS = YES;
				CLANG_WARN_STRICT_PROTOTYPES = YES;
				CLANG_WARN_SUSPICIOUS_MOVE = YES;
				CLANG_WARN_UNGUARDED_AVAILABILITY = YES_AGGRESSIVE;
				CLANG_WARN_UNREACHABLE_CODE = YES;
				CLANG_WARN__DUPLICATE_METHOD_MATCH = YES;
				COPY_PHASE_STRIP = NO;
				DEBUG_INFORMATION_FORMAT = "dwarf-with-dsym";
				ENABLE_NS_ASSERTIONS = NO;
				ENABLE_STRICT_OBJC_MSGSEND = YES;
				ENABLE_USER_SCRIPT_SANDBOXING = YES;
				GCC_C_LANGUAGE_STANDARD = gnu17;
				GCC_NO_COMMON_BLOCKS = YES;
				GCC_WARN_64_TO_32_BIT_CONVERSION = YES;
				GCC_WARN_ABOUT_RETURN_TYPE = YES_ERROR;
				GCC_WARN_UNDECLARED_SELECTOR = YES;
				GCC_WARN_UNINITIALIZED_AUTOS = YES_AGGRESSIVE;
				GCC_WARN_UNUSED_FUNCTION = YES;
				GCC_WARN_UNUSED_VARIABLE = YES;
				IPHONEOS_DEPLOYMENT_TARGET = 18.1;
				LOCALIZATION_PREFERS_STRING_CATALOGS = YES;
				MTL_ENABLE_DEBUG_INFO = NO;
				MTL_FAST_MATH = YES;
				SDKROOT = iphoneos;
				SWIFT_COMPILATION_MODE = wholemodule;
				VALIDATE_PRODUCT = YES;
			};
			name = Release;
		};
/* End XCBuildConfiguration section */

/* Begin XCConfigurationList section */
		F685CD772D36B8030023990C /* Build configuration list for PBXProject "Pop Finder" */ = {
			isa = XCConfigurationList;
			buildConfigurations = (
				F685CD922D36B8040023990C /* Debug */,
				F685CD932D36B8040023990C /* Release */,
			);
			defaultConfigurationIsVisible = 0;
			defaultConfigurationName = Release;
		};
		F685CD8F2D36B8040023990C /* Build configuration list for PBXNativeTarget "Pop Finder" */ = {
			isa = XCConfigurationList;
			buildConfigurations = (
				F685CD902D36B8040023990C /* Debug */,
				F685CD912D36B8040023990C /* Release */,
			);
			defaultConfigurationIsVisible = 0;
			defaultConfigurationName = Release;
		};
/* End XCConfigurationList section */

/* Begin XCRemoteSwiftPackageReference section */
		F619F46B2D5CE91B00BE07A4 /* XCRemoteSwiftPackageReference "cloudinary_ios" */ = {
			isa = XCRemoteSwiftPackageReference;
			repositoryURL = "https://github.com/cloudinary/cloudinary_ios";
			requirement = {
				kind = upToNextMajorVersion;
				minimumVersion = 5.1.0;
			};
		};
		F619F46E2D5CF1FE00BE07A4 /* XCRemoteSwiftPackageReference "SDWebImage" */ = {
			isa = XCRemoteSwiftPackageReference;
			repositoryURL = "https://github.com/SDWebImage/SDWebImage.git";
			requirement = {
				kind = upToNextMajorVersion;
				minimumVersion = 5.20.0;
			};
		};
		F6DD0FF52D53EAFA00C4D977 /* XCRemoteSwiftPackageReference "firebase-ios-sdk" */ = {
			isa = XCRemoteSwiftPackageReference;
			repositoryURL = "https://github.com/firebase/firebase-ios-sdk";
			requirement = {
				kind = upToNextMajorVersion;
				minimumVersion = 11.8.1;
			};
		};
/* End XCRemoteSwiftPackageReference section */

/* Begin XCSwiftPackageProductDependency section */
		F607720B2D63997B0082ABBA /* FirebaseMLModelDownloader */ = {
			isa = XCSwiftPackageProductDependency;
			package = F6DD0FF52D53EAFA00C4D977 /* XCRemoteSwiftPackageReference "firebase-ios-sdk" */;
			productName = FirebaseMLModelDownloader;
		};
		F619F46C2D5CE91B00BE07A4 /* Cloudinary */ = {
			isa = XCSwiftPackageProductDependency;
			package = F619F46B2D5CE91B00BE07A4 /* XCRemoteSwiftPackageReference "cloudinary_ios" */;
			productName = Cloudinary;
		};
		F619F46F2D5CF1FE00BE07A4 /* SDWebImage */ = {
			isa = XCSwiftPackageProductDependency;
			package = F619F46E2D5CF1FE00BE07A4 /* XCRemoteSwiftPackageReference "SDWebImage" */;
			productName = SDWebImage;
		};
		F619F4712D5CF1FE00BE07A4 /* SDWebImageMapKit */ = {
			isa = XCSwiftPackageProductDependency;
			package = F619F46E2D5CF1FE00BE07A4 /* XCRemoteSwiftPackageReference "SDWebImage" */;
			productName = SDWebImageMapKit;
		};
		F62F7D812D5A597700799E13 /* FirebaseCore */ = {
			isa = XCSwiftPackageProductDependency;
			package = F6DD0FF52D53EAFA00C4D977 /* XCRemoteSwiftPackageReference "firebase-ios-sdk" */;
			productName = FirebaseCore;
		};
		F62F7D832D5A597700799E13 /* FirebaseFirestore */ = {
			isa = XCSwiftPackageProductDependency;
			package = F6DD0FF52D53EAFA00C4D977 /* XCRemoteSwiftPackageReference "firebase-ios-sdk" */;
			productName = FirebaseFirestore;
		};
		F63CB9A22D5A953D0080EE49 /* FirebaseStorage */ = {
			isa = XCSwiftPackageProductDependency;
			package = F6DD0FF52D53EAFA00C4D977 /* XCRemoteSwiftPackageReference "firebase-ios-sdk" */;
			productName = FirebaseStorage;
		};
		F63CB9A42D5A953D0080EE49 /* FirebaseStorageCombine-Community */ = {
			isa = XCSwiftPackageProductDependency;
			package = F6DD0FF52D53EAFA00C4D977 /* XCRemoteSwiftPackageReference "firebase-ios-sdk" */;
			productName = "FirebaseStorageCombine-Community";
		};
		F65324832D5405AC0057BADB /* FirebaseAuth */ = {
			isa = XCSwiftPackageProductDependency;
			package = F6DD0FF52D53EAFA00C4D977 /* XCRemoteSwiftPackageReference "firebase-ios-sdk" */;
			productName = FirebaseAuth;
		};
		F6DD0FF62D53EAFA00C4D977 /* FirebaseAnalytics */ = {
			isa = XCSwiftPackageProductDependency;
			package = F6DD0FF52D53EAFA00C4D977 /* XCRemoteSwiftPackageReference "firebase-ios-sdk" */;
			productName = FirebaseAnalytics;
		};
/* End XCSwiftPackageProductDependency section */
	};
	rootObject = F685CD742D36B8030023990C /* Project object */;
}
